{
    "_meta": {
        "hash": {
            "sha256": "19af9b8cd85dce900380bf0e663763d65d913386c5192721b6ba49eda0782ff7"
        },
        "pipfile-spec": 6,
        "requires": {
            "python_version": "3.8.6"
        },
        "sources": [
            {
                "url": "https://pypi.python.org/simple",
                "verify_ssl": true
            }
        ]
    },
    "default": {
        "biopython": {
            "hashes": [
                "sha256:010142a8ec2549ff0649edd497658964ef1a18eefdb9fd942ec1e81b292ce2d9",
                "sha256:0b9fbb0d3022dc22716da108b8a81b80d952cd97ac1f106de491dce850f92f62",
                "sha256:0df5cddef2819c975e6508adf5d85aa046e449df5420d02b04871c7836b41273",
                "sha256:194528eda6856a4c68f840ca0bcc9b544a5edee3548b97521084e7ac38c833ca",
                "sha256:195f099c2c0c39518b6df921ab2b3cc43a601896018fc61909ac8385d5878866",
                "sha256:1ee0a0b6c2376680fea6642d5080baa419fd73df104a62d58a8baf7a8bbe4564",
                "sha256:2bd5a630be2a8e593094f7b1717fc962eda8931b68542b97fbf9bd8e2ac1e08d",
                "sha256:4565c97fab16c5697d067b821b6a1da0ec3ef36a9c96cf103ac7b4a94eb9f9ba",
                "sha256:48d424453a5512a1d1d41a4acabdfe5291da1f491a2d3606f2b0e4fbd63aeda6",
                "sha256:5c0b369f91a76b8e5e36624d075585c3f0f088ea4a6e3d015c48f08e48ce0114",
                "sha256:75b55000793f6b76334b8e80dc7e6d8cd2b019af917aa431cea6646e8e696c7f",
                "sha256:ada611f12ee3b0bef7308ef41ee7b94898613b369ab44e0268d74bd1d6a06920",
                "sha256:cc3b0b78022d14f11d508038a288a189d03c97c476d6636c7b6f98bd8bc8462b",
                "sha256:e0af107cc62a905d13d35dd7b38f335a37752ede45e4617139e84409a6a88dc4",
                "sha256:f1076653937947773768455556b1d24acad9575759e9089082f32636b09add54",
                "sha256:f5021a398c898b9cf6815cc5171c146a601b935b55364c53e6516a2545ab740c"
            ],
            "version": "==1.78"
        },
        "numpy": {
            "hashes": [
                "sha256:08308c38e44cc926bdfce99498b21eec1f848d24c302519e64203a8da99a97db",
                "sha256:09c12096d843b90eafd01ea1b3307e78ddd47a55855ad402b157b6c4862197ce",
                "sha256:13d166f77d6dc02c0a73c1101dd87fdf01339febec1030bd810dcd53fff3b0f1",
                "sha256:141ec3a3300ab89c7f2b0775289954d193cc8edb621ea05f99db9cb181530512",
                "sha256:16c1b388cc31a9baa06d91a19366fb99ddbe1c7b205293ed072211ee5bac1ed2",
                "sha256:18bed2bcb39e3f758296584337966e68d2d5ba6aab7e038688ad53c8f889f757",
                "sha256:1aeef46a13e51931c0b1cf8ae1168b4a55ecd282e6688fdb0a948cc5a1d5afb9",
                "sha256:27d3f3b9e3406579a8af3a9f262f5339005dd25e0ecf3cf1559ff8a49ed5cbf2",
                "sha256:2a2740aa9733d2e5b2dfb33639d98a64c3b0f24765fed86b0fd2aec07f6a0a08",
                "sha256:4377e10b874e653fe96985c05feed2225c912e328c8a26541f7fc600fb9c637b",
                "sha256:448ebb1b3bf64c0267d6b09a7cba26b5ae61b6d2dbabff7c91b660c7eccf2bdb",
                "sha256:50e86c076611212ca62e5a59f518edafe0c0730f7d9195fec718da1a5c2bb1fc",
                "sha256:5734bdc0342aba9dfc6f04920988140fb41234db42381cf7ccba64169f9fe7ac",
                "sha256:64324f64f90a9e4ef732be0928be853eee378fd6a01be21a0a8469c4f2682c83",
                "sha256:6ae6c680f3ebf1cf7ad1d7748868b39d9f900836df774c453c11c5440bc15b36",
                "sha256:6d7593a705d662be5bfe24111af14763016765f43cb6923ed86223f965f52387",
                "sha256:8cac8790a6b1ddf88640a9267ee67b1aee7a57dfa2d2dd33999d080bc8ee3a0f",
                "sha256:8ece138c3a16db8c1ad38f52eb32be6086cc72f403150a79336eb2045723a1ad",
                "sha256:9eeb7d1d04b117ac0d38719915ae169aa6b61fca227b0b7d198d43728f0c879c",
                "sha256:a09f98011236a419ee3f49cedc9ef27d7a1651df07810ae430a6b06576e0b414",
                "sha256:a5d897c14513590a85774180be713f692df6fa8ecf6483e561a6d47309566f37",
                "sha256:ad6f2ff5b1989a4899bf89800a671d71b1612e5ff40866d1f4d8bcf48d4e5764",
                "sha256:c42c4b73121caf0ed6cd795512c9c09c52a7287b04d105d112068c1736d7c753",
                "sha256:cb1017eec5257e9ac6209ac172058c430e834d5d2bc21961dceeb79d111e5909",
                "sha256:d6c7bb82883680e168b55b49c70af29b84b84abb161cbac2800e8fcb6f2109b6",
                "sha256:e452dc66e08a4ce642a961f134814258a082832c78c90351b75c41ad16f79f63",
                "sha256:e5b6ed0f0b42317050c88022349d994fe72bfe35f5908617512cd8c8ef9da2a9",
                "sha256:e9b30d4bd69498fc0c3fe9db5f62fffbb06b8eb9321f92cc970f2969be5e3949",
                "sha256:ec149b90019852266fec2341ce1db513b843e496d5a8e8cdb5ced1923a92faab",
                "sha256:edb01671b3caae1ca00881686003d16c2209e07b7ef8b7639f1867852b948f7c",
                "sha256:f0d3929fe88ee1c155129ecd82f981b8856c5d97bcb0d5f23e9b4242e79d1de3",
                "sha256:f29454410db6ef8126c83bd3c968d143304633d45dc57b51252afbd79d700893",
                "sha256:fe45becb4c2f72a0907c1d0246ea6449fe7a9e2293bb0e11c4e9a32bb0930a15",
                "sha256:fedbd128668ead37f33917820b704784aff695e0019309ad446a6d0b065b57e4"
            ],
            "markers": "python_version >= '3.6'",
            "version": "==1.19.4"
        },
        "python-igraph": {
            "hashes": [
                "sha256:05626394df3459eb9a00364ca15af21daf5a10a800ad06dc897735d72c15dfa5",
                "sha256:0d27f77bd00942ea22acbea97ea4c792b0b0126931e1723a9c8535acef59219a",
                "sha256:1200984563df3ad57b02343fa526e7c79a1602a8e3040582e9fac17703e09a82",
                "sha256:15ca37c91a93db0f03dcef211edcaaa3ccafdc18ff2a74359afb71e5f8dbe007",
                "sha256:2d7dcdb1fd0b6d4c6a0f1901feae6b3cc3f7a81123b8ed8706213b7d98af4292",
                "sha256:352d18a47e2c191b34534f79515344bc6727cfcf1196ca09fa1ca50a6a6a0497",
                "sha256:38574aff86681fb75c70444b8aeedae010843321683d80f4c7511f73754ad63c",
                "sha256:3edca294a68ac88dd1e5a6b363e495d64787b52aa0777ffb6a87a81dea263b8c",
                "sha256:40cedaec28fa39997798311db7a6d0f47ad6644245cb5049f37864a644530f7b",
                "sha256:46d89eba435ccdbf3aba0af16782e5ef45bdf7ef0e28fe9683c1a656bb9f240b",
                "sha256:4efebee0ceeea457f9e18c26decba8047dd435a581fba780d19b7115da805cbd",
                "sha256:52aba4fbc92cac1482aadb69a248b64ddbd594ef9b293e4119b428435cfd8cd2",
                "sha256:54871369c8905d0df01a2d06db1e3a711156ded7e47da555e5366348b0690c91",
                "sha256:6e2d42f7d7e37b20c701d5e09d4f871373b71c79b93578dca554eb158fb1a92b",
                "sha256:71ee9467fb13f21465df53e8024dda12e3b170012039001b8f495c7bc8a3cb44",
                "sha256:79c8b0d52497ac02c872a382491fc81214a01b694995520ed18abaab9d73c031",
                "sha256:7ff11d0348aa220b61cf73e933df341c1d89a5b7312e8b9077737091cb650b9e",
                "sha256:8004e5840db2d8aea489d9ee6a868f4475aa835fa761f85113305fd254ad9871",
                "sha256:87191d10d16db2332dec69c814152a22535e5b42dcb9ce8c39e5024f1f576368",
                "sha256:986076fa46f1f4eee500a270b7bb5bb0bcb68d9d775bedb98c898a678b3332a4",
                "sha256:a36072566a5b5bbf6223f76b616c5a5fa95cb280626886de7ad6fc870f921880",
                "sha256:ab063dbef3d3d442b9b351049961a81b4c281d0700d8e4f75f0a0c157e84864a",
                "sha256:bc8b48a95b88cceab1fa918d2d63ef0ac04674c43db77984c5288e8ada524afc",
                "sha256:c12ad84de1f0f6912bd0b5c52af5dbb9a96550ced521e7c1b9fcf2250d2e2b16",
                "sha256:c290c4d0586cf2a4353b0b204cac365b02626bf96e7f7dba265a6265b24806c5",
                "sha256:cf22509897b454538bb4cf2f84faef0351125fd2272ab09eec0aaf5005591d12",
                "sha256:d906c30f478943d91f8acecbfbc4194b9dd5402a20373a4159220dec3b78ce55",
                "sha256:e1045c64a4c346486a9b76ae888a8901dfc4555be4872ab81dd66e7a6860569b",
                "sha256:e1f27622eddeb2bd5fdcbadb41ef048e884790bb050f9627c086dc609d0f1236",
                "sha256:e7761befd224acad7bd1f14b2984f616bda520bf05622e39dbbdcd97a793672c",
                "sha256:e814a8d4ebb9dd089e5ae98a3fe0b0b367467950e5bea7369779b570eb39c5fe",
                "sha256:ecb6385cf70515a08fc31ce6ef4616a8ab96b983e16ed5bcaf2b5bb44d7c1dad",
                "sha256:ede5f770df2fbe1cae45aae7f8fb110f01253d4a9ba2b919ccc2d76ab8d57e91",
                "sha256:fa25cd51c1defd85ede46050f679b9c06179b68db01921d611f5eddab6910852",
                "sha256:ff86acb8b33722994647c50cc2bbefe8174cd796b69a1523c5f8cdbc36438abc"
            ],
            "version": "==0.8.3"
        },
        "texttable": {
            "hashes": [
                "sha256:ce0faf21aa77d806bbff22b107cc22cce68dc9438f97a2df32c93e9afa4ce436",
                "sha256:f802f2ef8459058736264210f716c757cbf85007a30886d8541aa8c3404f1dda"
            ],
            "version": "==1.6.3"
        },
        "tqdm": {
            "hashes": [
                "sha256:38b658a3e4ecf9b4f6f8ff75ca16221ae3378b2e175d846b6b33ea3a20852cf5",
                "sha256:d4f413aecb61c9779888c64ddf0c62910ad56dcbe857d8922bb505d4dbff0df1"
            ],
            "version": "==4.54.1"
        }
    },
    "develop": {
        "astroid": {
            "hashes": [
                "sha256:2f4078c2a41bf377eea06d71c9d2ba4eb8f6b1af2135bec27bbbb7d8f12bb703",
                "sha256:bc58d83eb610252fd8de6363e39d4f1d0619c894b0ed24603b881c02e64c7386"
            ],
            "markers": "python_version >= '3.5'",
            "version": "==2.4.2"
        },
        "isort": {
            "hashes": [
                "sha256:dcab1d98b469a12a1a624ead220584391648790275560e1a43e54c5dceae65e7",
                "sha256:dcaeec1b5f0eca77faea2a35ab790b4f3680ff75590bfcb7145986905aab2f58"
            ],
            "markers": "python_version >= '3.6' and python_version < '4.0'",
            "version": "==5.6.4"
        },
        "lazy-object-proxy": {
            "hashes": [
                "sha256:0c4b206227a8097f05c4dbdd323c50edf81f15db3b8dc064d08c62d37e1a504d",
                "sha256:194d092e6f246b906e8f70884e620e459fc54db3259e60cf69a4d66c3fda3449",
                "sha256:1be7e4c9f96948003609aa6c974ae59830a6baecc5376c25c92d7d697e684c08",
                "sha256:4677f594e474c91da97f489fea5b7daa17b5517190899cf213697e48d3902f5a",
                "sha256:48dab84ebd4831077b150572aec802f303117c8cc5c871e182447281ebf3ac50",
                "sha256:5541cada25cd173702dbd99f8e22434105456314462326f06dba3e180f203dfd",
                "sha256:59f79fef100b09564bc2df42ea2d8d21a64fdcda64979c0fa3db7bdaabaf6239",
                "sha256:8d859b89baf8ef7f8bc6b00aa20316483d67f0b1cbf422f5b4dc56701c8f2ffb",
                "sha256:9254f4358b9b541e3441b007a0ea0764b9d056afdeafc1a5569eee1cc6c1b9ea",
                "sha256:9651375199045a358eb6741df3e02a651e0330be090b3bc79f6d0de31a80ec3e",
                "sha256:97bb5884f6f1cdce0099f86b907aa41c970c3c672ac8b9c8352789e103cf3156",
                "sha256:9b15f3f4c0f35727d3a0fba4b770b3c4ebbb1fa907dbcc046a1d2799f3edd142",
                "sha256:a2238e9d1bb71a56cd710611a1614d1194dc10a175c1e08d75e1a7bcc250d442",
                "sha256:a6ae12d08c0bf9909ce12385803a543bfe99b95fe01e752536a60af2b7797c62",
                "sha256:ca0a928a3ddbc5725be2dd1cf895ec0a254798915fb3a36af0964a0a4149e3db",
                "sha256:cb2c7c57005a6804ab66f106ceb8482da55f5314b7fcb06551db1edae4ad1531",
                "sha256:d74bb8693bf9cf75ac3b47a54d716bbb1a92648d5f781fc799347cfc95952383",
                "sha256:d945239a5639b3ff35b70a88c5f2f491913eb94871780ebfabb2568bd58afc5a",
                "sha256:eba7011090323c1dadf18b3b689845fd96a61ba0a1dfbd7f24b921398affc357",
                "sha256:efa1909120ce98bbb3777e8b6f92237f5d5c8ea6758efea36a473e1d38f7d3e4",
                "sha256:f3900e8a5de27447acbf900b4750b0ddfd7ec1ea7fbaf11dfa911141bc522af0"
            ],
            "markers": "python_version >= '2.7' and python_version not in '3.0, 3.1, 3.2, 3.3'",
            "version": "==1.4.3"
        },
        "mccabe": {
            "hashes": [
                "sha256:ab8a6258860da4b6677da4bd2fe5dc2c659cff31b3ee4f7f5d64e79735b80d42",
                "sha256:dd8d182285a0fe56bace7f45b5e7d1a6ebcbf524e8f3bd87eb0f125271b8831f"
            ],
            "version": "==0.6.1"
        },
        "pylint": {
            "hashes": [
                "sha256:bb4a908c9dadbc3aac18860550e870f58e1a02c9f2c204fdf5693d73be061210",
                "sha256:bfe68f020f8a0fece830a22dd4d5dddb4ecc6137db04face4c3420a46a52239f"
            ],
            "version": "==2.6.0"
        },
        "six": {
            "hashes": [
                "sha256:30639c035cdb23534cd4aa2dd52c3bf48f06e5f4a941509c8bafd8ce11080259",
                "sha256:8b74bedcbbbaca38ff6d7491d76f2b06b3592611af620f8426e82dddb04a5ced"
            ],
            "markers": "python_version >= '2.7' and python_version not in '3.0, 3.1, 3.2, 3.3'",
            "version": "==1.15.0"
        },
        "toml": {
            "hashes": [
                "sha256:806143ae5bfb6a3c6e736a764057db0e6a0e05e338b5630894a5f779cabb4f9b",
                "sha256:b3bda1d108d5dd99f4a20d24d9c348e91c4db7ab1b749200bded2f839ccbe68f"
            ],
            "markers": "python_version >= '2.6' and python_version not in '3.0, 3.1, 3.2, 3.3'",
            "version": "==0.10.2"
        },
        "wrapt": {
            "hashes": [
                "sha256:b62ffa81fb85f4332a4f609cab4ac40709470da05643a082ec1eb88e6d9b97d7"
            ],
            "version": "==1.12.1"
        }
    }
}
